// !$*UTF8*$!
{
	archiveVersion = 1;
	classes = {
	};
	objectVersion = 46;
	objects = {

/* Begin PBXBuildFile section */
		D0BD53EF1EEF9A6700D47A5F /* AppDelegate.swift in Sources */ = {isa = PBXBuildFile; fileRef = D0BD53EE1EEF9A6700D47A5F /* AppDelegate.swift */; };
		D0BD53F11EEF9A6700D47A5F /* ViewController.swift in Sources */ = {isa = PBXBuildFile; fileRef = D0BD53F01EEF9A6700D47A5F /* ViewController.swift */; };
		D0BD53F31EEF9A6700D47A5F /* Assets.xcassets in Resources */ = {isa = PBXBuildFile; fileRef = D0BD53F21EEF9A6700D47A5F /* Assets.xcassets */; };
		D0BD53F61EEF9A6700D47A5F /* Main.storyboard in Resources */ = {isa = PBXBuildFile; fileRef = D0BD53F41EEF9A6700D47A5F /* Main.storyboard */; };
		D0BD54011EEF9A6700D47A5F /* MousePortalTests.swift in Sources */ = {isa = PBXBuildFile; fileRef = D0BD54001EEF9A6700D47A5F /* MousePortalTests.swift */; };
		D0BD540C1EEF9F4B00D47A5F /* GlobalEventMonitor.swift in Sources */ = {isa = PBXBuildFile; fileRef = D0BD540B1EEF9F4B00D47A5F /* GlobalEventMonitor.swift */; };
/* End PBXBuildFile section */

/* Begin PBXContainerItemProxy section */
		D0BD53FD1EEF9A6700D47A5F /* PBXContainerItemProxy */ = {
			isa = PBXContainerItemProxy;
			containerPortal = D0BD53E31EEF9A6700D47A5F /* Project object */;
			proxyType = 1;
			remoteGlobalIDString = D0BD53EA1EEF9A6700D47A5F;
			remoteInfo = "Mouse Migrator";
		};
/* End PBXContainerItemProxy section */

/* Begin PBXFileReference section */
		D0BD53EB1EEF9A6700D47A5F /* Mouse Portal.app */ = {isa = PBXFileReference; explicitFileType = wrapper.application; includeInIndex = 0; path = "Mouse Portal.app"; sourceTree = BUILT_PRODUCTS_DIR; };
		D0BD53EE1EEF9A6700D47A5F /* AppDelegate.swift */ = {isa = PBXFileReference; lastKnownFileType = sourcecode.swift; path = AppDelegate.swift; sourceTree = "<group>"; };
		D0BD53F01EEF9A6700D47A5F /* ViewController.swift */ = {isa = PBXFileReference; lastKnownFileType = sourcecode.swift; path = ViewController.swift; sourceTree = "<group>"; };
		D0BD53F21EEF9A6700D47A5F /* Assets.xcassets */ = {isa = PBXFileReference; lastKnownFileType = folder.assetcatalog; path = Assets.xcassets; sourceTree = "<group>"; };
		D0BD53F51EEF9A6700D47A5F /* Base */ = {isa = PBXFileReference; lastKnownFileType = file.storyboard; name = Base; path = Base.lproj/Main.storyboard; sourceTree = "<group>"; };
		D0BD53F71EEF9A6700D47A5F /* Info.plist */ = {isa = PBXFileReference; lastKnownFileType = text.plist.xml; path = Info.plist; sourceTree = "<group>"; };
		D0BD53FC1EEF9A6700D47A5F /* Mouse PortalTests.xctest */ = {isa = PBXFileReference; explicitFileType = wrapper.cfbundle; includeInIndex = 0; path = "Mouse PortalTests.xctest"; sourceTree = BUILT_PRODUCTS_DIR; };
		D0BD54001EEF9A6700D47A5F /* MousePortalTests.swift */ = {isa = PBXFileReference; lastKnownFileType = sourcecode.swift; path = MousePortalTests.swift; sourceTree = "<group>"; };
		D0BD54021EEF9A6700D47A5F /* Info.plist */ = {isa = PBXFileReference; lastKnownFileType = text.plist.xml; path = Info.plist; sourceTree = "<group>"; };
		D0BD540B1EEF9F4B00D47A5F /* GlobalEventMonitor.swift */ = {isa = PBXFileReference; fileEncoding = 4; lastKnownFileType = sourcecode.swift; path = GlobalEventMonitor.swift; sourceTree = "<group>"; };
/* End PBXFileReference section */

/* Begin PBXFrameworksBuildPhase section */
		D0BD53E81EEF9A6700D47A5F /* Frameworks */ = {
			isa = PBXFrameworksBuildPhase;
			buildActionMask = 2147483647;
			files = (
			);
			runOnlyForDeploymentPostprocessing = 0;
		};
		D0BD53F91EEF9A6700D47A5F /* Frameworks */ = {
			isa = PBXFrameworksBuildPhase;
			buildActionMask = 2147483647;
			files = (
			);
			runOnlyForDeploymentPostprocessing = 0;
		};
/* End PBXFrameworksBuildPhase section */

/* Begin PBXGroup section */
		D0BD53E21EEF9A6700D47A5F = {
			isa = PBXGroup;
			children = (
				D0BD53ED1EEF9A6700D47A5F /* MousePortal */,
				D0BD53FF1EEF9A6700D47A5F /* MousePortalTests */,
				D0BD53EC1EEF9A6700D47A5F /* Products */,
			);
			sourceTree = "<group>";
		};
		D0BD53EC1EEF9A6700D47A5F /* Products */ = {
			isa = PBXGroup;
			children = (
				D0BD53EB1EEF9A6700D47A5F /* Mouse Portal.app */,
				D0BD53FC1EEF9A6700D47A5F /* Mouse PortalTests.xctest */,
			);
			name = Products;
			sourceTree = "<group>";
		};
		D0BD53ED1EEF9A6700D47A5F /* MousePortal */ = {
			isa = PBXGroup;
			children = (
				D0BD53EE1EEF9A6700D47A5F /* AppDelegate.swift */,
				D0BD53F01EEF9A6700D47A5F /* ViewController.swift */,
				D0BD53F21EEF9A6700D47A5F /* Assets.xcassets */,
				D0BD53F41EEF9A6700D47A5F /* Main.storyboard */,
				D0BD53F71EEF9A6700D47A5F /* Info.plist */,
				D0BD540B1EEF9F4B00D47A5F /* GlobalEventMonitor.swift */,
			);
			path = MousePortal;
			sourceTree = "<group>";
		};
		D0BD53FF1EEF9A6700D47A5F /* MousePortalTests */ = {
			isa = PBXGroup;
			children = (
				D0BD54001EEF9A6700D47A5F /* MousePortalTests.swift */,
				D0BD54021EEF9A6700D47A5F /* Info.plist */,
			);
			path = MousePortalTests;
			sourceTree = "<group>";
		};
/* End PBXGroup section */

/* Begin PBXNativeTarget section */
		D0BD53EA1EEF9A6700D47A5F /* MousePortal */ = {
			isa = PBXNativeTarget;
			buildConfigurationList = D0BD54051EEF9A6700D47A5F /* Build configuration list for PBXNativeTarget "MousePortal" */;
			buildPhases = (
				D0BD53E71EEF9A6700D47A5F /* Sources */,
				D0BD53E81EEF9A6700D47A5F /* Frameworks */,
				D0BD53E91EEF9A6700D47A5F /* Resources */,
			);
			buildRules = (
			);
			dependencies = (
			);
			name = MousePortal;
			productName = "Mouse Migrator";
			productReference = D0BD53EB1EEF9A6700D47A5F /* Mouse Portal.app */;
			productType = "com.apple.product-type.application";
		};
		D0BD53FB1EEF9A6700D47A5F /* MousePortalTests */ = {
			isa = PBXNativeTarget;
			buildConfigurationList = D0BD54081EEF9A6700D47A5F /* Build configuration list for PBXNativeTarget "MousePortalTests" */;
			buildPhases = (
				D0BD53F81EEF9A6700D47A5F /* Sources */,
				D0BD53F91EEF9A6700D47A5F /* Frameworks */,
				D0BD53FA1EEF9A6700D47A5F /* Resources */,
			);
			buildRules = (
			);
			dependencies = (
				D0BD53FE1EEF9A6700D47A5F /* PBXTargetDependency */,
			);
			name = MousePortalTests;
			productName = "Mouse MigratorTests";
			productReference = D0BD53FC1EEF9A6700D47A5F /* Mouse PortalTests.xctest */;
			productType = "com.apple.product-type.bundle.unit-test";
		};
/* End PBXNativeTarget section */

/* Begin PBXProject section */
		D0BD53E31EEF9A6700D47A5F /* Project object */ = {
			isa = PBXProject;
			attributes = {
				LastSwiftUpdateCheck = 0830;
				LastUpgradeCheck = 0830;
				ORGANIZATIONNAME = "Jimmy Tran";
				TargetAttributes = {
					D0BD53EA1EEF9A6700D47A5F = {
						CreatedOnToolsVersion = 8.3.2;
						DevelopmentTeam = 8VJX2LP65P;
						ProvisioningStyle = Automatic;
					};
					D0BD53FB1EEF9A6700D47A5F = {
						CreatedOnToolsVersion = 8.3.2;
						DevelopmentTeam = 8VJX2LP65P;
						ProvisioningStyle = Automatic;
						TestTargetID = D0BD53EA1EEF9A6700D47A5F;
					};
				};
			};
			buildConfigurationList = D0BD53E61EEF9A6700D47A5F /* Build configuration list for PBXProject "MousePortal" */;
			compatibilityVersion = "Xcode 3.2";
			developmentRegion = English;
			hasScannedForEncodings = 0;
			knownRegions = (
				en,
				Base,
			);
			mainGroup = D0BD53E21EEF9A6700D47A5F;
			productRefGroup = D0BD53EC1EEF9A6700D47A5F /* Products */;
			projectDirPath = "";
			projectRoot = "";
			targets = (
				D0BD53EA1EEF9A6700D47A5F /* MousePortal */,
				D0BD53FB1EEF9A6700D47A5F /* MousePortalTests */,
			);
		};
/* End PBXProject section */

/* Begin PBXResourcesBuildPhase section */
		D0BD53E91EEF9A6700D47A5F /* Resources */ = {
			isa = PBXResourcesBuildPhase;
			buildActionMask = 2147483647;
			files = (
				D0BD53F31EEF9A6700D47A5F /* Assets.xcassets in Resources */,
				D0BD53F61EEF9A6700D47A5F /* Main.storyboard in Resources */,
			);
			runOnlyForDeploymentPostprocessing = 0;
		};
		D0BD53FA1EEF9A6700D47A5F /* Resources */ = {
			isa = PBXResourcesBuildPhase;
			buildActionMask = 2147483647;
			files = (
			);
			runOnlyForDeploymentPostprocessing = 0;
		};
/* End PBXResourcesBuildPhase section */

/* Begin PBXSourcesBuildPhase section */
		D0BD53E71EEF9A6700D47A5F /* Sources */ = {
			isa = PBXSourcesBuildPhase;
			buildActionMask = 2147483647;
			files = (
				D0BD53F11EEF9A6700D47A5F /* ViewController.swift in Sources */,
				D0BD53EF1EEF9A6700D47A5F /* AppDelegate.swift in Sources */,
				D0BD540C1EEF9F4B00D47A5F /* GlobalEventMonitor.swift in Sources */,
			);
			runOnlyForDeploymentPostprocessing = 0;
		};
		D0BD53F81EEF9A6700D47A5F /* Sources */ = {
			isa = PBXSourcesBuildPhase;
			buildActionMask = 2147483647;
			files = (
				D0BD54011EEF9A6700D47A5F /* MousePortalTests.swift in Sources */,
			);
			runOnlyForDeploymentPostprocessing = 0;
		};
/* End PBXSourcesBuildPhase section */

/* Begin PBXTargetDependency section */
		D0BD53FE1EEF9A6700D47A5F /* PBXTargetDependency */ = {
			isa = PBXTargetDependency;
			target = D0BD53EA1EEF9A6700D47A5F /* MousePortal */;
			targetProxy = D0BD53FD1EEF9A6700D47A5F /* PBXContainerItemProxy */;
		};
/* End PBXTargetDependency section */

/* Begin PBXVariantGroup section */
		D0BD53F41EEF9A6700D47A5F /* Main.storyboard */ = {
			isa = PBXVariantGroup;
			children = (
				D0BD53F51EEF9A6700D47A5F /* Base */,
			);
			name = Main.storyboard;
			sourceTree = "<group>";
		};
/* End PBXVariantGroup section */

/* Begin XCBuildConfiguration section */
		D0BD54031EEF9A6700D47A5F /* Debug */ = {
			isa = XCBuildConfiguration;
			buildSettings = {
				ALWAYS_SEARCH_USER_PATHS = NO;
				CLANG_ANALYZER_NONNULL = YES;
				CLANG_ANALYZER_NUMBER_OBJECT_CONVERSION = YES_AGGRESSIVE;
				CLANG_CXX_LANGUAGE_STANDARD = "gnu++0x";
				CLANG_CXX_LIBRARY = "libc++";
				CLANG_ENABLE_MODULES = YES;
				CLANG_ENABLE_OBJC_ARC = YES;
				CLANG_WARN_BOOL_CONVERSION = YES;
				CLANG_WARN_CONSTANT_CONVERSION = YES;
				CLANG_WARN_DIRECT_OBJC_ISA_USAGE = YES_ERROR;
				CLANG_WARN_DOCUMENTATION_COMMENTS = YES;
				CLANG_WARN_EMPTY_BODY = YES;
				CLANG_WARN_ENUM_CONVERSION = YES;
				CLANG_WARN_INFINITE_RECURSION = YES;
				CLANG_WARN_INT_CONVERSION = YES;
				CLANG_WARN_OBJC_ROOT_CLASS = YES_ERROR;
				CLANG_WARN_SUSPICIOUS_MOVE = YES;
				CLANG_WARN_UNREACHABLE_CODE = YES;
				CLANG_WARN__DUPLICATE_METHOD_MATCH = YES;
				CODE_SIGN_IDENTITY = "-";
				COPY_PHASE_STRIP = NO;
				DEBUG_INFORMATION_FORMAT = dwarf;
				ENABLE_STRICT_OBJC_MSGSEND = YES;
				ENABLE_TESTABILITY = YES;
				GCC_C_LANGUAGE_STANDARD = gnu99;
				GCC_DYNAMIC_NO_PIC = NO;
				GCC_NO_COMMON_BLOCKS = YES;
				GCC_OPTIMIZATION_LEVEL = 0;
				GCC_PREPROCESSOR_DEFINITIONS = (
					"DEBUG=1",
					"$(inherited)",
				);
				GCC_WARN_64_TO_32_BIT_CONVERSION = YES;
				GCC_WARN_ABOUT_RETURN_TYPE = YES_ERROR;
				GCC_WARN_UNDECLARED_SELECTOR = YES;
				GCC_WARN_UNINITIALIZED_AUTOS = YES_AGGRESSIVE;
				GCC_WARN_UNUSED_FUNCTION = YES;
				GCC_WARN_UNUSED_VARIABLE = YES;
				MACOSX_DEPLOYMENT_TARGET = 10.12;
				MTL_ENABLE_DEBUG_INFO = YES;
				ONLY_ACTIVE_ARCH = YES;
				SDKROOT = macosx;
				SWIFT_ACTIVE_COMPILATION_CONDITIONS = DEBUG;
				SWIFT_OPTIMIZATION_LEVEL = "-Onone";
			};
			name = Debug;
		};
		D0BD54041EEF9A6700D47A5F /* Release */ = {
			isa = XCBuildConfiguration;
			buildSettings = {
				ALWAYS_SEARCH_USER_PATHS = NO;
				CLANG_ANALYZER_NONNULL = YES;
				CLANG_ANALYZER_NUMBER_OBJECT_CONVERSION = YES_AGGRESSIVE;
				CLANG_CXX_LANGUAGE_STANDARD = "gnu++0x";
				CLANG_CXX_LIBRARY = "libc++";
				CLANG_ENABLE_MODULES = YES;
				CLANG_ENABLE_OBJC_ARC = YES;
				CLANG_WARN_BOOL_CONVERSION = YES;
				CLANG_WARN_CONSTANT_CONVERSION = YES;
				CLANG_WARN_DIRECT_OBJC_ISA_USAGE = YES_ERROR;
				CLANG_WARN_DOCUMENTATION_COMMENTS = YES;
				CLANG_WARN_EMPTY_BODY = YES;
				CLANG_WARN_ENUM_CONVERSION = YES;
				CLANG_WARN_INFINITE_RECURSION = YES;
				CLANG_WARN_INT_CONVERSION = YES;
				CLANG_WARN_OBJC_ROOT_CLASS = YES_ERROR;
				CLANG_WARN_SUSPICIOUS_MOVE = YES;
				CLANG_WARN_UNREACHABLE_CODE = YES;
				CLANG_WARN__DUPLICATE_METHOD_MATCH = YES;
				CODE_SIGN_IDENTITY = "-";
				COPY_PHASE_STRIP = NO;
				DEBUG_INFORMATION_FORMAT = "dwarf-with-dsym";
				ENABLE_NS_ASSERTIONS = NO;
				ENABLE_STRICT_OBJC_MSGSEND = YES;
				GCC_C_LANGUAGE_STANDARD = gnu99;
				GCC_NO_COMMON_BLOCKS = YES;
				GCC_WARN_64_TO_32_BIT_CONVERSION = YES;
				GCC_WARN_ABOUT_RETURN_TYPE = YES_ERROR;
				GCC_WARN_UNDECLARED_SELECTOR = YES;
				GCC_WARN_UNINITIALIZED_AUTOS = YES_AGGRESSIVE;
				GCC_WARN_UNUSED_FUNCTION = YES;
				GCC_WARN_UNUSED_VARIABLE = YES;
				MACOSX_DEPLOYMENT_TARGET = 10.12;
				MTL_ENABLE_DEBUG_INFO = NO;
				SDKROOT = macosx;
				SWIFT_OPTIMIZATION_LEVEL = "-Owholemodule";
			};
			name = Release;
		};
		D0BD54061EEF9A6700D47A5F /* Debug */ = {
			isa = XCBuildConfiguration;
			buildSettings = {
				ASSETCATALOG_COMPILER_APPICON_NAME = AppIcon;
				COMBINE_HIDPI_IMAGES = YES;
				DEVELOPMENT_TEAM = 8VJX2LP65P;
				INFOPLIST_FILE = MousePortal/Info.plist;
				LD_RUNPATH_SEARCH_PATHS = "$(inherited) @executable_path/../Frameworks";
				PRODUCT_BUNDLE_IDENTIFIER = com.jimmyyentran.MousePortal;
				PRODUCT_NAME = "$(TARGET_NAME)";
				SWIFT_VERSION = 3.0;
			};
			name = Debug;
		};
		D0BD54071EEF9A6700D47A5F /* Release */ = {
			isa = XCBuildConfiguration;
			buildSettings = {
				ASSETCATALOG_COMPILER_APPICON_NAME = AppIcon;
				COMBINE_HIDPI_IMAGES = YES;
				DEVELOPMENT_TEAM = 8VJX2LP65P;
				INFOPLIST_FILE = MousePortal/Info.plist;
				LD_RUNPATH_SEARCH_PATHS = "$(inherited) @executable_path/../Frameworks";
				PRODUCT_BUNDLE_IDENTIFIER = com.jimmyyentran.MousePortal;
				PRODUCT_NAME = "$(TARGET_NAME)";
				SWIFT_VERSION = 3.0;
			};
			name = Release;
		};
		D0BD54091EEF9A6700D47A5F /* Debug */ = {
			isa = XCBuildConfiguration;
			buildSettings = {
				ALWAYS_EMBED_SWIFT_STANDARD_LIBRARIES = YES;
				BUNDLE_LOADER = "$(TEST_HOST)";
				COMBINE_HIDPI_IMAGES = YES;
				DEVELOPMENT_TEAM = 8VJX2LP65P;
				INFOPLIST_FILE = "Mouse MigratorTests/Info.plist";
				LD_RUNPATH_SEARCH_PATHS = "$(inherited) @executable_path/../Frameworks @loader_path/../Frameworks";
				PRODUCT_BUNDLE_IDENTIFIER = "com.jimmyyentran.Mouse-MigratorTests";
				PRODUCT_NAME = "$(TARGET_NAME)";
				SWIFT_VERSION = 3.0;
				TEST_HOST = "$(BUILT_PRODUCTS_DIR)/MousePortal.app/Contents/MacOS/MousePortal";
			};
			name = Debug;
		};
		D0BD540A1EEF9A6700D47A5F /* Release */ = {
			isa = XCBuildConfiguration;
			buildSettings = {
				ALWAYS_EMBED_SWIFT_STANDARD_LIBRARIES = YES;
				BUNDLE_LOADER = "$(TEST_HOST)";
				COMBINE_HIDPI_IMAGES = YES;
				DEVELOPMENT_TEAM = 8VJX2LP65P;
				INFOPLIST_FILE = "Mouse MigratorTests/Info.plist";
				LD_RUNPATH_SEARCH_PATHS = "$(inherited) @executable_path/../Frameworks @loader_path/../Frameworks";
				PRODUCT_BUNDLE_IDENTIFIER = "com.jimmyyentran.Mouse-MigratorTests";
				PRODUCT_NAME = "$(TARGET_NAME)";
				SWIFT_VERSION = 3.0;
				TEST_HOST = "$(BUILT_PRODUCTS_DIR)/MousePortal.app/Contents/MacOS/MousePortal";
			};
			name = Release;
		};
/* End XCBuildConfiguration section */

/* Begin XCConfigurationList section */
		D0BD53E61EEF9A6700D47A5F /* Build configuration list for PBXProject "MousePortal" */ = {
			isa = XCConfigurationList;
			buildConfigurations = (
				D0BD54031EEF9A6700D47A5F /* Debug */,
				D0BD54041EEF9A6700D47A5F /* Release */,
			);
			defaultConfigurationIsVisible = 0;
			defaultConfigurationName = Release;
		};
		D0BD54051EEF9A6700D47A5F /* Build configuration list for PBXNativeTarget "MousePortal" */ = {
			isa = XCConfigurationList;
			buildConfigurations = (
				D0BD54061EEF9A6700D47A5F /* Debug */,
				D0BD54071EEF9A6700D47A5F /* Release */,
			);
			defaultConfigurationIsVisible = 0;
			defaultConfigurationName = Release;
		};
		D0BD54081EEF9A6700D47A5F /* Build configuration list for PBXNativeTarget "MousePortalTests" */ = {
			isa = XCConfigurationList;
			buildConfigurations = (
				D0BD54091EEF9A6700D47A5F /* Debug */,
				D0BD540A1EEF9A6700D47A5F /* Release */,
			);
			defaultConfigurationIsVisible = 0;
			defaultConfigurationName = Release;
		};
/* End XCConfigurationList section */
	};
	rootObject = D0BD53E31EEF9A6700D47A5F /* Project object */;
}
